
Microsoft Visual Studio Solution File, Format Version 12.00
# Visual Studio Version 16
VisualStudioVersion = 16.0.31624.102
MinimumVisualStudioVersion = 10.0.40219.1
Project("{8BC9CEB8-8B4A-11D0-8D11-00A0C91BC942}") = "Hw9bTKS", "Hw9bTKS.vcxproj", "{6218B99E-0A99-49D9-99C5-C126343C1AD0}"
EndProject
Global
	GlobalSection(SolutionConfigurationPlatforms) = preSolution
		Debug|x64 = Debug|x64
		Debug|x86 = Debug|x86
		Release|x64 = Release|x64
		Release|x86 = Release|x86
	EndGlobalSection
	GlobalSection(ProjectConfigurationPlatforms) = postSolution
		{6218B99E-0A99-49D9-99C5-C126343C1AD0}.Debug|x64.ActiveCfg = Debug|x64
		{6218B99E-0A99-49D9-99C5-C126343C1AD0}.Debug|x64.Build.0 = Debug|x64
		{6218B99E-0A99-49D9-99C5-C126343C1AD0}.Debug|x86.ActiveCfg = Debug|Win32
		{6218B99E-0A99-49D9-99C5-C126343C1AD0}.Debug|x86.Build.0 = Debug|Win32
		{6218B99E-0A99-49D9-99C5-C126343C1AD0}.Release|x64.ActiveCfg = Release|x64
		{6218B99E-0A99-49D9-99C5-C126343C1AD0}.Release|x64.Build.0 = Release|x64
		{6218B99E-0A99-49D9-99C5-C126343C1AD0}.Release|x86.ActiveCfg = Release|Win32
		{6218B99E-0A99-49D9-99C5-C126343C1AD0}.Release|x86.Build.0 = Release|Win32
	EndGlobalSection
	GlobalSection(SolutionProperties) = preSolution
		HideSolutionNode = FALSE
	EndGlobalSection
	GlobalSection(ExtensibilityGlobals) = postSolution
		SolutionGuid = {11E7B937-D2F7-480E-973F-FD0EED57FFB6}
	EndGlobalSection
EndGlobal
