
Microsoft Visual Studio Solution File, Format Version 12.00
# Visual Studio Version 16
VisualStudioVersion = 16.0.31624.102
MinimumVisualStudioVersion = 10.0.40219.1
Project("{8BC9CEB8-8B4A-11D0-8D11-00A0C91BC942}") = "HW8aTKS", "HW8aTKS.vcxproj", "{74E1BB78-1A38-41D6-9C6B-D3C47952856D}"
EndProject
Global
	GlobalSection(SolutionConfigurationPlatforms) = preSolution
		Debug|x64 = Debug|x64
		Debug|x86 = Debug|x86
		Release|x64 = Release|x64
		Release|x86 = Release|x86
	EndGlobalSection
	GlobalSection(ProjectConfigurationPlatforms) = postSolution
		{74E1BB78-1A38-41D6-9C6B-D3C47952856D}.Debug|x64.ActiveCfg = Debug|x64
		{74E1BB78-1A38-41D6-9C6B-D3C47952856D}.Debug|x64.Build.0 = Debug|x64
		{74E1BB78-1A38-41D6-9C6B-D3C47952856D}.Debug|x86.ActiveCfg = Debug|Win32
		{74E1BB78-1A38-41D6-9C6B-D3C47952856D}.Debug|x86.Build.0 = Debug|Win32
		{74E1BB78-1A38-41D6-9C6B-D3C47952856D}.Release|x64.ActiveCfg = Release|x64
		{74E1BB78-1A38-41D6-9C6B-D3C47952856D}.Release|x64.Build.0 = Release|x64
		{74E1BB78-1A38-41D6-9C6B-D3C47952856D}.Release|x86.ActiveCfg = Release|Win32
		{74E1BB78-1A38-41D6-9C6B-D3C47952856D}.Release|x86.Build.0 = Release|Win32
	EndGlobalSection
	GlobalSection(SolutionProperties) = preSolution
		HideSolutionNode = FALSE
	EndGlobalSection
	GlobalSection(ExtensibilityGlobals) = postSolution
		SolutionGuid = {2E21058C-7CAA-4A36-8DE1-9F2F1DFB1EAE}
	EndGlobalSection
EndGlobal
